
Microsoft Visual Studio Solution File, Format Version 12.00
# Visual Studio Version 17
VisualStudioVersion = 17.2.32630.192
MinimumVisualStudioVersion = 10.0.40219.1
Project("{FAE04EC0-301F-11D3-BF4B-00C04F79EFBC}") = "HelloWorldFinale", "HelloWorldFinale\HelloWorldFinale.csproj", "{4ECCE4C4-1F3B-44B8-8185-ED047DA53ADE}"
EndProject
Global
	GlobalSection(SolutionConfigurationPlatforms) = preSolution
		Debug|Any CPU = Debug|Any CPU
		Release|Any CPU = Release|Any CPU
	EndGlobalSection
	GlobalSection(ProjectConfigurationPlatforms) = postSolution
		{4ECCE4C4-1F3B-44B8-8185-ED047DA53ADE}.Debug|Any CPU.ActiveCfg = Debug|Any CPU
		{4ECCE4C4-1F3B-44B8-8185-ED047DA53ADE}.Debug|Any CPU.Build.0 = Debug|Any CPU
		{4ECCE4C4-1F3B-44B8-8185-ED047DA53ADE}.Release|Any CPU.ActiveCfg = Release|Any CPU
		{4ECCE4C4-1F3B-44B8-8185-ED047DA53ADE}.Release|Any CPU.Build.0 = Release|Any CPU
	EndGlobalSection
	GlobalSection(SolutionProperties) = preSolution
		HideSolutionNode = FALSE
	EndGlobalSection
	GlobalSection(ExtensibilityGlobals) = postSolution
		SolutionGuid = {C24822DC-B2FD-4F11-8CF5-275B25489F6F}
	EndGlobalSection
EndGlobal
